// !$*UTF8*$!
{
	archiveVersion = 1;
	classes = {
	};
	objectVersion = 55;
	objects = {

/* Begin PBXBuildFile section */
		302A3D969692B2DE79C7F1FA /* Pods_Pokedex.framework in Frameworks */ = {isa = PBXBuildFile; fileRef = F18C53BEB8AB2099EBFAA0F1 /* Pods_Pokedex.framework */; };
		3645EC5428F1B9EC00D51520 /* AppDelegate.swift in Sources */ = {isa = PBXBuildFile; fileRef = 3645EC5328F1B9EC00D51520 /* AppDelegate.swift */; };
		3645EC5628F1B9EC00D51520 /* SceneDelegate.swift in Sources */ = {isa = PBXBuildFile; fileRef = 3645EC5528F1B9EC00D51520 /* SceneDelegate.swift */; };
		3645EC5D28F1B9EE00D51520 /* Assets.xcassets in Resources */ = {isa = PBXBuildFile; fileRef = 3645EC5C28F1B9EE00D51520 /* Assets.xcassets */; };
		3645EC6028F1B9EE00D51520 /* LaunchScreen.storyboard in Resources */ = {isa = PBXBuildFile; fileRef = 3645EC5E28F1B9EE00D51520 /* LaunchScreen.storyboard */; };
		3645EC6B28F1B9EE00D51520 /* PokedexTests.swift in Sources */ = {isa = PBXBuildFile; fileRef = 3645EC6A28F1B9EE00D51520 /* PokedexTests.swift */; };
		3645EC7528F1B9EE00D51520 /* PokedexUITests.swift in Sources */ = {isa = PBXBuildFile; fileRef = 3645EC7428F1B9EE00D51520 /* PokedexUITests.swift */; };
		3645EC7728F1B9EE00D51520 /* PokedexUITestsLaunchTests.swift in Sources */ = {isa = PBXBuildFile; fileRef = 3645EC7628F1B9EE00D51520 /* PokedexUITestsLaunchTests.swift */; };
		3645EC8B28F1C10000D51520 /* HomeDataSource.swift in Sources */ = {isa = PBXBuildFile; fileRef = 3645EC8A28F1C10000D51520 /* HomeDataSource.swift */; };
		3645EC8D28F1C10C00D51520 /* HomeInteractor.swift in Sources */ = {isa = PBXBuildFile; fileRef = 3645EC8C28F1C10C00D51520 /* HomeInteractor.swift */; };
		3645EC8F28F1C11800D51520 /* HomeModule.swift in Sources */ = {isa = PBXBuildFile; fileRef = 3645EC8E28F1C11800D51520 /* HomeModule.swift */; };
		3645EC9128F1C12200D51520 /* HomePresenter.swift in Sources */ = {isa = PBXBuildFile; fileRef = 3645EC9028F1C12200D51520 /* HomePresenter.swift */; };
		3645EC9328F1C12F00D51520 /* HomeRouter.swift in Sources */ = {isa = PBXBuildFile; fileRef = 3645EC9228F1C12F00D51520 /* HomeRouter.swift */; };
		3645EC9628F1C16400D51520 /* HomeViewController.swift in Sources */ = {isa = PBXBuildFile; fileRef = 3645EC9428F1C16400D51520 /* HomeViewController.swift */; };
		3645EC9728F1C16400D51520 /* HomeViewController.xib in Resources */ = {isa = PBXBuildFile; fileRef = 3645EC9528F1C16400D51520 /* HomeViewController.xib */; };
		3645EC9C28F1CA8900D51520 /* UIView+Extension.swift in Sources */ = {isa = PBXBuildFile; fileRef = 3645EC9B28F1CA8900D51520 /* UIView+Extension.swift */; };
		3645EC9F28F1CB6000D51520 /* LoadingView.swift in Sources */ = {isa = PBXBuildFile; fileRef = 3645EC9E28F1CB6000D51520 /* LoadingView.swift */; };
		3645ECA528F1CD3D00D51520 /* LoadingView.xib in Resources */ = {isa = PBXBuildFile; fileRef = 3645ECA428F1CD3D00D51520 /* LoadingView.xib */; };
		3645ECA828F1CF2900D51520 /* PokemonDetail.swift in Sources */ = {isa = PBXBuildFile; fileRef = 3645ECA728F1CF2900D51520 /* PokemonDetail.swift */; };
		3645ECAA28F1CF4E00D51520 /* Pokemon.swift in Sources */ = {isa = PBXBuildFile; fileRef = 3645ECA928F1CF4E00D51520 /* Pokemon.swift */; };
		3645ECAC28F1D21000D51520 /* PokemonManager.swift in Sources */ = {isa = PBXBuildFile; fileRef = 3645ECAB28F1D21000D51520 /* PokemonManager.swift */; };
		3645ECAE28F1F01B00D51520 /* PokemonModel.swift in Sources */ = {isa = PBXBuildFile; fileRef = 3645ECAD28F1F01B00D51520 /* PokemonModel.swift */; };
		3645ECB028F1FA4500D51520 /* UIImageView+Extension.swift in Sources */ = {isa = PBXBuildFile; fileRef = 3645ECAF28F1FA4500D51520 /* UIImageView+Extension.swift */; };
		3645ECB728F208F300D51520 /* PokemonCell.swift in Sources */ = {isa = PBXBuildFile; fileRef = 3645ECB528F208F300D51520 /* PokemonCell.swift */; };
		3645ECB828F208F300D51520 /* PokemonCell.xib in Resources */ = {isa = PBXBuildFile; fileRef = 3645ECB628F208F300D51520 /* PokemonCell.xib */; };
		3645ECBF28F20DF200D51520 /* Pokemon Hollow.ttf in Resources */ = {isa = PBXBuildFile; fileRef = 3645ECBD28F20DF200D51520 /* Pokemon Hollow.ttf */; };
		3645ECC028F20DF200D51520 /* Pokemon Solid.ttf in Resources */ = {isa = PBXBuildFile; fileRef = 3645ECBE28F20DF200D51520 /* Pokemon Solid.ttf */; };
		3645ECC428F24C9800D51520 /* HomeDetailDataSource.swift in Sources */ = {isa = PBXBuildFile; fileRef = 3645ECC328F24C9800D51520 /* HomeDetailDataSource.swift */; };
		3645ECC628F24CD800D51520 /* HomeDetailPresenter.swift in Sources */ = {isa = PBXBuildFile; fileRef = 3645ECC528F24CD800D51520 /* HomeDetailPresenter.swift */; };
		3645ECC828F24CEA00D51520 /* HomeDetailRouter.swift in Sources */ = {isa = PBXBuildFile; fileRef = 3645ECC728F24CEA00D51520 /* HomeDetailRouter.swift */; };
		3645ECCA28F24CF600D51520 /* HomeDetailInteractor.swift in Sources */ = {isa = PBXBuildFile; fileRef = 3645ECC928F24CF600D51520 /* HomeDetailInteractor.swift */; };
		3645ECCC28F24D0500D51520 /* HomeDetailModule.swift in Sources */ = {isa = PBXBuildFile; fileRef = 3645ECCB28F24D0500D51520 /* HomeDetailModule.swift */; };
		3645ECCF28F24D7C00D51520 /* PokemonDetailsViewController.swift in Sources */ = {isa = PBXBuildFile; fileRef = 3645ECCD28F24D7C00D51520 /* PokemonDetailsViewController.swift */; };
		3645ECD028F24D7C00D51520 /* PokemonDetailsViewController.xib in Resources */ = {isa = PBXBuildFile; fileRef = 3645ECCE28F24D7C00D51520 /* PokemonDetailsViewController.xib */; };
		3645ECD428F36C3300D51520 /* PokemonDetailsCell.swift in Sources */ = {isa = PBXBuildFile; fileRef = 3645ECD228F36C3300D51520 /* PokemonDetailsCell.swift */; };
		3645ECD528F36C3300D51520 /* PokemonDetailsCell.xib in Resources */ = {isa = PBXBuildFile; fileRef = 3645ECD328F36C3300D51520 /* PokemonDetailsCell.xib */; };
		3645ECD728F3760E00D51520 /* UILabel+Extension.swift in Sources */ = {isa = PBXBuildFile; fileRef = 3645ECD628F3760E00D51520 /* UILabel+Extension.swift */; };
/* End PBXBuildFile section */

/* Begin PBXContainerItemProxy section */
		3645EC6728F1B9EE00D51520 /* PBXContainerItemProxy */ = {
			isa = PBXContainerItemProxy;
			containerPortal = 3645EC4828F1B9EC00D51520 /* Project object */;
			proxyType = 1;
			remoteGlobalIDString = 3645EC4F28F1B9EC00D51520;
			remoteInfo = Pokedex;
		};
		3645EC7128F1B9EE00D51520 /* PBXContainerItemProxy */ = {
			isa = PBXContainerItemProxy;
			containerPortal = 3645EC4828F1B9EC00D51520 /* Project object */;
			proxyType = 1;
			remoteGlobalIDString = 3645EC4F28F1B9EC00D51520;
			remoteInfo = Pokedex;
		};
/* End PBXContainerItemProxy section */

/* Begin PBXFileReference section */
		3645EC5028F1B9EC00D51520 /* Pokedex.app */ = {isa = PBXFileReference; explicitFileType = wrapper.application; includeInIndex = 0; path = Pokedex.app; sourceTree = BUILT_PRODUCTS_DIR; };
		3645EC5328F1B9EC00D51520 /* AppDelegate.swift */ = {isa = PBXFileReference; lastKnownFileType = sourcecode.swift; path = AppDelegate.swift; sourceTree = "<group>"; };
		3645EC5528F1B9EC00D51520 /* SceneDelegate.swift */ = {isa = PBXFileReference; lastKnownFileType = sourcecode.swift; path = SceneDelegate.swift; sourceTree = "<group>"; };
		3645EC5C28F1B9EE00D51520 /* Assets.xcassets */ = {isa = PBXFileReference; lastKnownFileType = folder.assetcatalog; path = Assets.xcassets; sourceTree = "<group>"; };
		3645EC5F28F1B9EE00D51520 /* Base */ = {isa = PBXFileReference; lastKnownFileType = file.storyboard; name = Base; path = Base.lproj/LaunchScreen.storyboard; sourceTree = "<group>"; };
		3645EC6128F1B9EE00D51520 /* Info.plist */ = {isa = PBXFileReference; lastKnownFileType = text.plist.xml; path = Info.plist; sourceTree = "<group>"; };
		3645EC6628F1B9EE00D51520 /* PokedexTests.xctest */ = {isa = PBXFileReference; explicitFileType = wrapper.cfbundle; includeInIndex = 0; path = PokedexTests.xctest; sourceTree = BUILT_PRODUCTS_DIR; };
		3645EC6A28F1B9EE00D51520 /* PokedexTests.swift */ = {isa = PBXFileReference; lastKnownFileType = sourcecode.swift; path = PokedexTests.swift; sourceTree = "<group>"; };
		3645EC7028F1B9EE00D51520 /* PokedexUITests.xctest */ = {isa = PBXFileReference; explicitFileType = wrapper.cfbundle; includeInIndex = 0; path = PokedexUITests.xctest; sourceTree = BUILT_PRODUCTS_DIR; };
		3645EC7428F1B9EE00D51520 /* PokedexUITests.swift */ = {isa = PBXFileReference; lastKnownFileType = sourcecode.swift; path = PokedexUITests.swift; sourceTree = "<group>"; };
		3645EC7628F1B9EE00D51520 /* PokedexUITestsLaunchTests.swift */ = {isa = PBXFileReference; lastKnownFileType = sourcecode.swift; path = PokedexUITestsLaunchTests.swift; sourceTree = "<group>"; };
		3645EC8A28F1C10000D51520 /* HomeDataSource.swift */ = {isa = PBXFileReference; lastKnownFileType = sourcecode.swift; path = HomeDataSource.swift; sourceTree = "<group>"; };
		3645EC8C28F1C10C00D51520 /* HomeInteractor.swift */ = {isa = PBXFileReference; lastKnownFileType = sourcecode.swift; path = HomeInteractor.swift; sourceTree = "<group>"; };
		3645EC8E28F1C11800D51520 /* HomeModule.swift */ = {isa = PBXFileReference; lastKnownFileType = sourcecode.swift; path = HomeModule.swift; sourceTree = "<group>"; };
		3645EC9028F1C12200D51520 /* HomePresenter.swift */ = {isa = PBXFileReference; lastKnownFileType = sourcecode.swift; path = HomePresenter.swift; sourceTree = "<group>"; };
		3645EC9228F1C12F00D51520 /* HomeRouter.swift */ = {isa = PBXFileReference; lastKnownFileType = sourcecode.swift; path = HomeRouter.swift; sourceTree = "<group>"; };
		3645EC9428F1C16400D51520 /* HomeViewController.swift */ = {isa = PBXFileReference; lastKnownFileType = sourcecode.swift; path = HomeViewController.swift; sourceTree = "<group>"; };
		3645EC9528F1C16400D51520 /* HomeViewController.xib */ = {isa = PBXFileReference; lastKnownFileType = file.xib; path = HomeViewController.xib; sourceTree = "<group>"; };
		3645EC9B28F1CA8900D51520 /* UIView+Extension.swift */ = {isa = PBXFileReference; lastKnownFileType = sourcecode.swift; path = "UIView+Extension.swift"; sourceTree = "<group>"; };
		3645EC9E28F1CB6000D51520 /* LoadingView.swift */ = {isa = PBXFileReference; lastKnownFileType = sourcecode.swift; path = LoadingView.swift; sourceTree = "<group>"; };
		3645ECA428F1CD3D00D51520 /* LoadingView.xib */ = {isa = PBXFileReference; lastKnownFileType = file.xib; path = LoadingView.xib; sourceTree = "<group>"; };
		3645ECA728F1CF2900D51520 /* PokemonDetail.swift */ = {isa = PBXFileReference; lastKnownFileType = sourcecode.swift; path = PokemonDetail.swift; sourceTree = "<group>"; };
		3645ECA928F1CF4E00D51520 /* Pokemon.swift */ = {isa = PBXFileReference; lastKnownFileType = sourcecode.swift; path = Pokemon.swift; sourceTree = "<group>"; };
		3645ECAB28F1D21000D51520 /* PokemonManager.swift */ = {isa = PBXFileReference; lastKnownFileType = sourcecode.swift; path = PokemonManager.swift; sourceTree = "<group>"; };
		3645ECAD28F1F01B00D51520 /* PokemonModel.swift */ = {isa = PBXFileReference; lastKnownFileType = sourcecode.swift; path = PokemonModel.swift; sourceTree = "<group>"; };
		3645ECAF28F1FA4500D51520 /* UIImageView+Extension.swift */ = {isa = PBXFileReference; lastKnownFileType = sourcecode.swift; path = "UIImageView+Extension.swift"; sourceTree = "<group>"; };
		3645ECB528F208F300D51520 /* PokemonCell.swift */ = {isa = PBXFileReference; lastKnownFileType = sourcecode.swift; path = PokemonCell.swift; sourceTree = "<group>"; };
		3645ECB628F208F300D51520 /* PokemonCell.xib */ = {isa = PBXFileReference; lastKnownFileType = file.xib; path = PokemonCell.xib; sourceTree = "<group>"; };
		3645ECBD28F20DF200D51520 /* Pokemon Hollow.ttf */ = {isa = PBXFileReference; lastKnownFileType = file; path = "Pokemon Hollow.ttf"; sourceTree = "<group>"; };
		3645ECBE28F20DF200D51520 /* Pokemon Solid.ttf */ = {isa = PBXFileReference; lastKnownFileType = file; path = "Pokemon Solid.ttf"; sourceTree = "<group>"; };
		3645ECC328F24C9800D51520 /* HomeDetailDataSource.swift */ = {isa = PBXFileReference; lastKnownFileType = sourcecode.swift; path = HomeDetailDataSource.swift; sourceTree = "<group>"; };
		3645ECC528F24CD800D51520 /* HomeDetailPresenter.swift */ = {isa = PBXFileReference; lastKnownFileType = sourcecode.swift; path = HomeDetailPresenter.swift; sourceTree = "<group>"; };
		3645ECC728F24CEA00D51520 /* HomeDetailRouter.swift */ = {isa = PBXFileReference; lastKnownFileType = sourcecode.swift; path = HomeDetailRouter.swift; sourceTree = "<group>"; };
		3645ECC928F24CF600D51520 /* HomeDetailInteractor.swift */ = {isa = PBXFileReference; lastKnownFileType = sourcecode.swift; path = HomeDetailInteractor.swift; sourceTree = "<group>"; };
		3645ECCB28F24D0500D51520 /* HomeDetailModule.swift */ = {isa = PBXFileReference; lastKnownFileType = sourcecode.swift; path = HomeDetailModule.swift; sourceTree = "<group>"; };
		3645ECCD28F24D7C00D51520 /* PokemonDetailsViewController.swift */ = {isa = PBXFileReference; lastKnownFileType = sourcecode.swift; path = PokemonDetailsViewController.swift; sourceTree = "<group>"; };
		3645ECCE28F24D7C00D51520 /* PokemonDetailsViewController.xib */ = {isa = PBXFileReference; lastKnownFileType = file.xib; path = PokemonDetailsViewController.xib; sourceTree = "<group>"; };
		3645ECD228F36C3300D51520 /* PokemonDetailsCell.swift */ = {isa = PBXFileReference; lastKnownFileType = sourcecode.swift; path = PokemonDetailsCell.swift; sourceTree = "<group>"; };
		3645ECD328F36C3300D51520 /* PokemonDetailsCell.xib */ = {isa = PBXFileReference; lastKnownFileType = file.xib; path = PokemonDetailsCell.xib; sourceTree = "<group>"; };
		3645ECD628F3760E00D51520 /* UILabel+Extension.swift */ = {isa = PBXFileReference; lastKnownFileType = sourcecode.swift; path = "UILabel+Extension.swift"; sourceTree = "<group>"; };
		402699DA354F350FAFD4CD01 /* Pods-Pokedex.release.xcconfig */ = {isa = PBXFileReference; includeInIndex = 1; lastKnownFileType = text.xcconfig; name = "Pods-Pokedex.release.xcconfig"; path = "Target Support Files/Pods-Pokedex/Pods-Pokedex.release.xcconfig"; sourceTree = "<group>"; };
		CE32E36FF731904FC142270A /* Pods-Pokedex.debug.xcconfig */ = {isa = PBXFileReference; includeInIndex = 1; lastKnownFileType = text.xcconfig; name = "Pods-Pokedex.debug.xcconfig"; path = "Target Support Files/Pods-Pokedex/Pods-Pokedex.debug.xcconfig"; sourceTree = "<group>"; };
		F18C53BEB8AB2099EBFAA0F1 /* Pods_Pokedex.framework */ = {isa = PBXFileReference; explicitFileType = wrapper.framework; includeInIndex = 0; path = Pods_Pokedex.framework; sourceTree = BUILT_PRODUCTS_DIR; };
/* End PBXFileReference section */

/* Begin PBXFrameworksBuildPhase section */
		3645EC4D28F1B9EC00D51520 /* Frameworks */ = {
			isa = PBXFrameworksBuildPhase;
			buildActionMask = 2147483647;
			files = (
				302A3D969692B2DE79C7F1FA /* Pods_Pokedex.framework in Frameworks */,
			);
			runOnlyForDeploymentPostprocessing = 0;
		};
		3645EC6328F1B9EE00D51520 /* Frameworks */ = {
			isa = PBXFrameworksBuildPhase;
			buildActionMask = 2147483647;
			files = (
			);
			runOnlyForDeploymentPostprocessing = 0;
		};
		3645EC6D28F1B9EE00D51520 /* Frameworks */ = {
			isa = PBXFrameworksBuildPhase;
			buildActionMask = 2147483647;
			files = (
			);
			runOnlyForDeploymentPostprocessing = 0;
		};
/* End PBXFrameworksBuildPhase section */

/* Begin PBXGroup section */
		3645EC4728F1B9EC00D51520 = {
			isa = PBXGroup;
			children = (
				3645EC5228F1B9EC00D51520 /* Pokedex */,
				3645EC6928F1B9EE00D51520 /* PokedexTests */,
				3645EC7328F1B9EE00D51520 /* PokedexUITests */,
				3645EC5128F1B9EC00D51520 /* Products */,
				7617A67B7BE3B83E3A6278F3 /* Pods */,
				BA9FD5624968B21293E2AB2D /* Frameworks */,
			);
			sourceTree = "<group>";
		};
		3645EC5128F1B9EC00D51520 /* Products */ = {
			isa = PBXGroup;
			children = (
				3645EC5028F1B9EC00D51520 /* Pokedex.app */,
				3645EC6628F1B9EE00D51520 /* PokedexTests.xctest */,
				3645EC7028F1B9EE00D51520 /* PokedexUITests.xctest */,
			);
			name = Products;
			sourceTree = "<group>";
		};
		3645EC5228F1B9EC00D51520 /* Pokedex */ = {
			isa = PBXGroup;
			children = (
				3645EC6128F1B9EE00D51520 /* Info.plist */,
				3645EC5328F1B9EC00D51520 /* AppDelegate.swift */,
				3645EC5528F1B9EC00D51520 /* SceneDelegate.swift */,
				3645EC5C28F1B9EE00D51520 /* Assets.xcassets */,
				3645EC8328F1BDEE00D51520 /* Commons */,
				3645EC8428F1BE0000D51520 /* Conectivity */,
				3645EC5E28F1B9EE00D51520 /* LaunchScreen.storyboard */,
				3645EC8528F1C00100D51520 /* Modules */,
				3645ECB928F20D3D00D51520 /* Resources */,
			);
			path = Pokedex;
			sourceTree = "<group>";
		};
		3645EC6928F1B9EE00D51520 /* PokedexTests */ = {
			isa = PBXGroup;
			children = (
				3645EC6A28F1B9EE00D51520 /* PokedexTests.swift */,
			);
			path = PokedexTests;
			sourceTree = "<group>";
		};
		3645EC7328F1B9EE00D51520 /* PokedexUITests */ = {
			isa = PBXGroup;
			children = (
				3645EC7428F1B9EE00D51520 /* PokedexUITests.swift */,
				3645EC7628F1B9EE00D51520 /* PokedexUITestsLaunchTests.swift */,
			);
			path = PokedexUITests;
			sourceTree = "<group>";
		};
		3645EC8328F1BDEE00D51520 /* Commons */ = {
			isa = PBXGroup;
			children = (
				3645EC9A28F1CA7B00D51520 /* Extensions */,
				3645EC9D28F1CAB900D51520 /* View */,
			);
			path = Commons;
			sourceTree = "<group>";
		};
		3645EC8428F1BE0000D51520 /* Conectivity */ = {
			isa = PBXGroup;
			children = (
				3645EC9828F1C9C500D51520 /* Entities */,
				3645EC9928F1C9CF00D51520 /* Manager */,
			);
			path = Conectivity;
			sourceTree = "<group>";
		};
		3645EC8528F1C00100D51520 /* Modules */ = {
			isa = PBXGroup;
			children = (
				3645EC8628F1C07300D51520 /* Home */,
				3645ECC128F24C1300D51520 /* HomeDetail */,
			);
			path = Modules;
			sourceTree = "<group>";
		};
		3645EC8628F1C07300D51520 /* Home */ = {
			isa = PBXGroup;
			children = (
				3645EC8A28F1C10000D51520 /* HomeDataSource.swift */,
				3645EC8C28F1C10C00D51520 /* HomeInteractor.swift */,
				3645EC8E28F1C11800D51520 /* HomeModule.swift */,
				3645EC9028F1C12200D51520 /* HomePresenter.swift */,
				3645EC9228F1C12F00D51520 /* HomeRouter.swift */,
				3645EC8728F1C0B800D51520 /* Model */,
				3645EC8828F1C0C000D51520 /* View */,
			);
			path = Home;
			sourceTree = "<group>";
		};
		3645EC8728F1C0B800D51520 /* Model */ = {
			isa = PBXGroup;
			children = (
				3645ECAD28F1F01B00D51520 /* PokemonModel.swift */,
			);
			path = Model;
			sourceTree = "<group>";
		};
		3645EC8828F1C0C000D51520 /* View */ = {
			isa = PBXGroup;
			children = (
				3645EC8928F1C0DE00D51520 /* Cell */,
				3645EC9428F1C16400D51520 /* HomeViewController.swift */,
				3645EC9528F1C16400D51520 /* HomeViewController.xib */,
			);
			path = View;
			sourceTree = "<group>";
		};
		3645EC8928F1C0DE00D51520 /* Cell */ = {
			isa = PBXGroup;
			children = (
				3645ECB528F208F300D51520 /* PokemonCell.swift */,
				3645ECB628F208F300D51520 /* PokemonCell.xib */,
			);
			path = Cell;
			sourceTree = "<group>";
		};
		3645EC9828F1C9C500D51520 /* Entities */ = {
			isa = PBXGroup;
			children = (
				3645ECA928F1CF4E00D51520 /* Pokemon.swift */,
				3645ECA728F1CF2900D51520 /* PokemonDetail.swift */,
			);
			path = Entities;
			sourceTree = "<group>";
		};
		3645EC9928F1C9CF00D51520 /* Manager */ = {
			isa = PBXGroup;
			children = (
				3645ECAB28F1D21000D51520 /* PokemonManager.swift */,
			);
			path = Manager;
			sourceTree = "<group>";
		};
		3645EC9A28F1CA7B00D51520 /* Extensions */ = {
			isa = PBXGroup;
			children = (
				3645ECAF28F1FA4500D51520 /* UIImageView+Extension.swift */,
				3645EC9B28F1CA8900D51520 /* UIView+Extension.swift */,
				3645ECD628F3760E00D51520 /* UILabel+Extension.swift */,
			);
			path = Extensions;
			sourceTree = "<group>";
		};
		3645EC9D28F1CAB900D51520 /* View */ = {
			isa = PBXGroup;
			children = (
				3645ECA628F1CED400D51520 /* LoadingView */,
			);
			path = View;
			sourceTree = "<group>";
		};
		3645ECA628F1CED400D51520 /* LoadingView */ = {
			isa = PBXGroup;
			children = (
				3645EC9E28F1CB6000D51520 /* LoadingView.swift */,
				3645ECA428F1CD3D00D51520 /* LoadingView.xib */,
			);
			path = LoadingView;
			sourceTree = "<group>";
		};
		3645ECB928F20D3D00D51520 /* Resources */ = {
			isa = PBXGroup;
			children = (
				3645ECBA28F20D4A00D51520 /* Fonts */,
			);
			path = Resources;
			sourceTree = "<group>";
		};
		3645ECBA28F20D4A00D51520 /* Fonts */ = {
			isa = PBXGroup;
			children = (
				3645ECBD28F20DF200D51520 /* Pokemon Hollow.ttf */,
				3645ECBE28F20DF200D51520 /* Pokemon Solid.ttf */,
			);
			path = Fonts;
			sourceTree = "<group>";
		};
		3645ECC128F24C1300D51520 /* HomeDetail */ = {
			isa = PBXGroup;
			children = (
				3645ECC328F24C9800D51520 /* HomeDetailDataSource.swift */,
				3645ECC928F24CF600D51520 /* HomeDetailInteractor.swift */,
				3645ECCB28F24D0500D51520 /* HomeDetailModule.swift */,
				3645ECC528F24CD800D51520 /* HomeDetailPresenter.swift */,
				3645ECC728F24CEA00D51520 /* HomeDetailRouter.swift */,
				3645ECC228F24C6F00D51520 /* View */,
			);
			path = HomeDetail;
			sourceTree = "<group>";
		};
		3645ECC228F24C6F00D51520 /* View */ = {
			isa = PBXGroup;
			children = (
				3645ECD128F36C0C00D51520 /* Cell */,
				3645ECCD28F24D7C00D51520 /* PokemonDetailsViewController.swift */,
				3645ECCE28F24D7C00D51520 /* PokemonDetailsViewController.xib */,
			);
			path = View;
			sourceTree = "<group>";
		};
		3645ECD128F36C0C00D51520 /* Cell */ = {
			isa = PBXGroup;
			children = (
				3645ECD228F36C3300D51520 /* PokemonDetailsCell.swift */,
				3645ECD328F36C3300D51520 /* PokemonDetailsCell.xib */,
			);
			path = Cell;
			sourceTree = "<group>";
		};
		7617A67B7BE3B83E3A6278F3 /* Pods */ = {
			isa = PBXGroup;
			children = (
				CE32E36FF731904FC142270A /* Pods-Pokedex.debug.xcconfig */,
				402699DA354F350FAFD4CD01 /* Pods-Pokedex.release.xcconfig */,
			);
			path = Pods;
			sourceTree = "<group>";
		};
		BA9FD5624968B21293E2AB2D /* Frameworks */ = {
			isa = PBXGroup;
			children = (
				F18C53BEB8AB2099EBFAA0F1 /* Pods_Pokedex.framework */,
			);
			name = Frameworks;
			sourceTree = "<group>";
		};
/* End PBXGroup section */

/* Begin PBXNativeTarget section */
		3645EC4F28F1B9EC00D51520 /* Pokedex */ = {
			isa = PBXNativeTarget;
			buildConfigurationList = 3645EC7A28F1B9EE00D51520 /* Build configuration list for PBXNativeTarget "Pokedex" */;
			buildPhases = (
				D02D8725042E392BBE9A49B8 /* [CP] Check Pods Manifest.lock */,
				3645EC4C28F1B9EC00D51520 /* Sources */,
				3645EC4D28F1B9EC00D51520 /* Frameworks */,
				3645EC4E28F1B9EC00D51520 /* Resources */,
				C47B0CDB85CFD6FCB5EF2F46 /* [CP] Embed Pods Frameworks */,
			);
			buildRules = (
			);
			dependencies = (
			);
			name = Pokedex;
			productName = Pokedex;
			productReference = 3645EC5028F1B9EC00D51520 /* Pokedex.app */;
			productType = "com.apple.product-type.application";
		};
		3645EC6528F1B9EE00D51520 /* PokedexTests */ = {
			isa = PBXNativeTarget;
			buildConfigurationList = 3645EC7D28F1B9EE00D51520 /* Build configuration list for PBXNativeTarget "PokedexTests" */;
			buildPhases = (
				3645EC6228F1B9EE00D51520 /* Sources */,
				3645EC6328F1B9EE00D51520 /* Frameworks */,
				3645EC6428F1B9EE00D51520 /* Resources */,
			);
			buildRules = (
			);
			dependencies = (
				3645EC6828F1B9EE00D51520 /* PBXTargetDependency */,
			);
			name = PokedexTests;
			productName = PokedexTests;
			productReference = 3645EC6628F1B9EE00D51520 /* PokedexTests.xctest */;
			productType = "com.apple.product-type.bundle.unit-test";
		};
		3645EC6F28F1B9EE00D51520 /* PokedexUITests */ = {
			isa = PBXNativeTarget;
			buildConfigurationList = 3645EC8028F1B9EE00D51520 /* Build configuration list for PBXNativeTarget "PokedexUITests" */;
			buildPhases = (
				3645EC6C28F1B9EE00D51520 /* Sources */,
				3645EC6D28F1B9EE00D51520 /* Frameworks */,
				3645EC6E28F1B9EE00D51520 /* Resources */,
			);
			buildRules = (
			);
			dependencies = (
				3645EC7228F1B9EE00D51520 /* PBXTargetDependency */,
			);
			name = PokedexUITests;
			productName = PokedexUITests;
			productReference = 3645EC7028F1B9EE00D51520 /* PokedexUITests.xctest */;
			productType = "com.apple.product-type.bundle.ui-testing";
		};
/* End PBXNativeTarget section */

/* Begin PBXProject section */
		3645EC4828F1B9EC00D51520 /* Project object */ = {
			isa = PBXProject;
			attributes = {
				BuildIndependentTargetsInParallel = 1;
				LastSwiftUpdateCheck = 1340;
				LastUpgradeCheck = 1340;
				TargetAttributes = {
					3645EC4F28F1B9EC00D51520 = {
						CreatedOnToolsVersion = 13.4.1;
					};
					3645EC6528F1B9EE00D51520 = {
						CreatedOnToolsVersion = 13.4.1;
						TestTargetID = 3645EC4F28F1B9EC00D51520;
					};
					3645EC6F28F1B9EE00D51520 = {
						CreatedOnToolsVersion = 13.4.1;
						TestTargetID = 3645EC4F28F1B9EC00D51520;
					};
				};
			};
			buildConfigurationList = 3645EC4B28F1B9EC00D51520 /* Build configuration list for PBXProject "Pokedex" */;
			compatibilityVersion = "Xcode 13.0";
			developmentRegion = en;
			hasScannedForEncodings = 0;
			knownRegions = (
				en,
				Base,
			);
			mainGroup = 3645EC4728F1B9EC00D51520;
			productRefGroup = 3645EC5128F1B9EC00D51520 /* Products */;
			projectDirPath = "";
			projectRoot = "";
			targets = (
				3645EC4F28F1B9EC00D51520 /* Pokedex */,
				3645EC6528F1B9EE00D51520 /* PokedexTests */,
				3645EC6F28F1B9EE00D51520 /* PokedexUITests */,
			);
		};
/* End PBXProject section */

/* Begin PBXResourcesBuildPhase section */
		3645EC4E28F1B9EC00D51520 /* Resources */ = {
			isa = PBXResourcesBuildPhase;
			buildActionMask = 2147483647;
			files = (
				3645EC6028F1B9EE00D51520 /* LaunchScreen.storyboard in Resources */,
				3645ECA528F1CD3D00D51520 /* LoadingView.xib in Resources */,
				3645ECBF28F20DF200D51520 /* Pokemon Hollow.ttf in Resources */,
				3645EC5D28F1B9EE00D51520 /* Assets.xcassets in Resources */,
				3645ECD528F36C3300D51520 /* PokemonDetailsCell.xib in Resources */,
				3645EC9728F1C16400D51520 /* HomeViewController.xib in Resources */,
				3645ECB828F208F300D51520 /* PokemonCell.xib in Resources */,
				3645ECD028F24D7C00D51520 /* PokemonDetailsViewController.xib in Resources */,
				3645ECC028F20DF200D51520 /* Pokemon Solid.ttf in Resources */,
			);
			runOnlyForDeploymentPostprocessing = 0;
		};
		3645EC6428F1B9EE00D51520 /* Resources */ = {
			isa = PBXResourcesBuildPhase;
			buildActionMask = 2147483647;
			files = (
			);
			runOnlyForDeploymentPostprocessing = 0;
		};
		3645EC6E28F1B9EE00D51520 /* Resources */ = {
			isa = PBXResourcesBuildPhase;
			buildActionMask = 2147483647;
			files = (
			);
			runOnlyForDeploymentPostprocessing = 0;
		};
/* End PBXResourcesBuildPhase section */

/* Begin PBXShellScriptBuildPhase section */
		C47B0CDB85CFD6FCB5EF2F46 /* [CP] Embed Pods Frameworks */ = {
			isa = PBXShellScriptBuildPhase;
			buildActionMask = 2147483647;
			files = (
			);
			inputFileListPaths = (
				"${PODS_ROOT}/Target Support Files/Pods-Pokedex/Pods-Pokedex-frameworks-${CONFIGURATION}-input-files.xcfilelist",
			);
			name = "[CP] Embed Pods Frameworks";
			outputFileListPaths = (
				"${PODS_ROOT}/Target Support Files/Pods-Pokedex/Pods-Pokedex-frameworks-${CONFIGURATION}-output-files.xcfilelist",
			);
			runOnlyForDeploymentPostprocessing = 0;
			shellPath = /bin/sh;
			shellScript = "\"${PODS_ROOT}/Target Support Files/Pods-Pokedex/Pods-Pokedex-frameworks.sh\"\n";
			showEnvVarsInLog = 0;
		};
		D02D8725042E392BBE9A49B8 /* [CP] Check Pods Manifest.lock */ = {
			isa = PBXShellScriptBuildPhase;
			buildActionMask = 2147483647;
			files = (
			);
			inputFileListPaths = (
			);
			inputPaths = (
				"${PODS_PODFILE_DIR_PATH}/Podfile.lock",
				"${PODS_ROOT}/Manifest.lock",
			);
			name = "[CP] Check Pods Manifest.lock";
			outputFileListPaths = (
			);
			outputPaths = (
				"$(DERIVED_FILE_DIR)/Pods-Pokedex-checkManifestLockResult.txt",
			);
			runOnlyForDeploymentPostprocessing = 0;
			shellPath = /bin/sh;
			shellScript = "diff \"${PODS_PODFILE_DIR_PATH}/Podfile.lock\" \"${PODS_ROOT}/Manifest.lock\" > /dev/null\nif [ $? != 0 ] ; then\n    # print error to STDERR\n    echo \"error: The sandbox is not in sync with the Podfile.lock. Run 'pod install' or update your CocoaPods installation.\" >&2\n    exit 1\nfi\n# This output is used by Xcode 'outputs' to avoid re-running this script phase.\necho \"SUCCESS\" > \"${SCRIPT_OUTPUT_FILE_0}\"\n";
			showEnvVarsInLog = 0;
		};
/* End PBXShellScriptBuildPhase section */

/* Begin PBXSourcesBuildPhase section */
		3645EC4C28F1B9EC00D51520 /* Sources */ = {
			isa = PBXSourcesBuildPhase;
			buildActionMask = 2147483647;
			files = (
				3645ECB028F1FA4500D51520 /* UIImageView+Extension.swift in Sources */,
				3645ECA828F1CF2900D51520 /* PokemonDetail.swift in Sources */,
				3645EC5428F1B9EC00D51520 /* AppDelegate.swift in Sources */,
				3645EC8B28F1C10000D51520 /* HomeDataSource.swift in Sources */,
				3645ECCA28F24CF600D51520 /* HomeDetailInteractor.swift in Sources */,
				3645ECC428F24C9800D51520 /* HomeDetailDataSource.swift in Sources */,
				3645ECD428F36C3300D51520 /* PokemonDetailsCell.swift in Sources */,
				3645EC9328F1C12F00D51520 /* HomeRouter.swift in Sources */,
				3645ECD728F3760E00D51520 /* UILabel+Extension.swift in Sources */,
				3645ECCC28F24D0500D51520 /* HomeDetailModule.swift in Sources */,
				3645ECC828F24CEA00D51520 /* HomeDetailRouter.swift in Sources */,
				3645EC9F28F1CB6000D51520 /* LoadingView.swift in Sources */,
				3645ECAA28F1CF4E00D51520 /* Pokemon.swift in Sources */,
				3645EC9C28F1CA8900D51520 /* UIView+Extension.swift in Sources */,
				3645ECAC28F1D21000D51520 /* PokemonManager.swift in Sources */,
				3645ECCF28F24D7C00D51520 /* PokemonDetailsViewController.swift in Sources */,
				3645ECC628F24CD800D51520 /* HomeDetailPresenter.swift in Sources */,
				3645EC9628F1C16400D51520 /* HomeViewController.swift in Sources */,
				3645ECB728F208F300D51520 /* PokemonCell.swift in Sources */,
				3645EC8F28F1C11800D51520 /* HomeModule.swift in Sources */,
				3645EC9128F1C12200D51520 /* HomePresenter.swift in Sources */,
				3645ECAE28F1F01B00D51520 /* PokemonModel.swift in Sources */,
				3645EC5628F1B9EC00D51520 /* SceneDelegate.swift in Sources */,
				3645EC8D28F1C10C00D51520 /* HomeInteractor.swift in Sources */,
			);
			runOnlyForDeploymentPostprocessing = 0;
		};
		3645EC6228F1B9EE00D51520 /* Sources */ = {
			isa = PBXSourcesBuildPhase;
			buildActionMask = 2147483647;
			files = (
				3645EC6B28F1B9EE00D51520 /* PokedexTests.swift in Sources */,
			);
			runOnlyForDeploymentPostprocessing = 0;
		};
		3645EC6C28F1B9EE00D51520 /* Sources */ = {
			isa = PBXSourcesBuildPhase;
			buildActionMask = 2147483647;
			files = (
				3645EC7528F1B9EE00D51520 /* PokedexUITests.swift in Sources */,
				3645EC7728F1B9EE00D51520 /* PokedexUITestsLaunchTests.swift in Sources */,
			);
			runOnlyForDeploymentPostprocessing = 0;
		};
/* End PBXSourcesBuildPhase section */

/* Begin PBXTargetDependency section */
		3645EC6828F1B9EE00D51520 /* PBXTargetDependency */ = {
			isa = PBXTargetDependency;
			target = 3645EC4F28F1B9EC00D51520 /* Pokedex */;
			targetProxy = 3645EC6728F1B9EE00D51520 /* PBXContainerItemProxy */;
		};
		3645EC7228F1B9EE00D51520 /* PBXTargetDependency */ = {
			isa = PBXTargetDependency;
			target = 3645EC4F28F1B9EC00D51520 /* Pokedex */;
			targetProxy = 3645EC7128F1B9EE00D51520 /* PBXContainerItemProxy */;
		};
/* End PBXTargetDependency section */

/* Begin PBXVariantGroup section */
		3645EC5E28F1B9EE00D51520 /* LaunchScreen.storyboard */ = {
			isa = PBXVariantGroup;
			children = (
				3645EC5F28F1B9EE00D51520 /* Base */,
			);
			name = LaunchScreen.storyboard;
			sourceTree = "<group>";
		};
/* End PBXVariantGroup section */

/* Begin XCBuildConfiguration section */
		3645EC7828F1B9EE00D51520 /* Debug */ = {
			isa = XCBuildConfiguration;
			buildSettings = {
				ALWAYS_SEARCH_USER_PATHS = NO;
				CLANG_ANALYZER_NONNULL = YES;
				CLANG_ANALYZER_NUMBER_OBJECT_CONVERSION = YES_AGGRESSIVE;
				CLANG_CXX_LANGUAGE_STANDARD = "gnu++17";
				CLANG_ENABLE_MODULES = YES;
				CLANG_ENABLE_OBJC_ARC = YES;
				CLANG_ENABLE_OBJC_WEAK = YES;
				CLANG_WARN_BLOCK_CAPTURE_AUTORELEASING = YES;
				CLANG_WARN_BOOL_CONVERSION = YES;
				CLANG_WARN_COMMA = YES;
				CLANG_WARN_CONSTANT_CONVERSION = YES;
				CLANG_WARN_DEPRECATED_OBJC_IMPLEMENTATIONS = YES;
				CLANG_WARN_DIRECT_OBJC_ISA_USAGE = YES_ERROR;
				CLANG_WARN_DOCUMENTATION_COMMENTS = YES;
				CLANG_WARN_EMPTY_BODY = YES;
				CLANG_WARN_ENUM_CONVERSION = YES;
				CLANG_WARN_INFINITE_RECURSION = YES;
				CLANG_WARN_INT_CONVERSION = YES;
				CLANG_WARN_NON_LITERAL_NULL_CONVERSION = YES;
				CLANG_WARN_OBJC_IMPLICIT_RETAIN_SELF = YES;
				CLANG_WARN_OBJC_LITERAL_CONVERSION = YES;
				CLANG_WARN_OBJC_ROOT_CLASS = YES_ERROR;
				CLANG_WARN_QUOTED_INCLUDE_IN_FRAMEWORK_HEADER = YES;
				CLANG_WARN_RANGE_LOOP_ANALYSIS = YES;
				CLANG_WARN_STRICT_PROTOTYPES = YES;
				CLANG_WARN_SUSPICIOUS_MOVE = YES;
				CLANG_WARN_UNGUARDED_AVAILABILITY = YES_AGGRESSIVE;
				CLANG_WARN_UNREACHABLE_CODE = YES;
				CLANG_WARN__DUPLICATE_METHOD_MATCH = YES;
				COPY_PHASE_STRIP = NO;
				DEBUG_INFORMATION_FORMAT = dwarf;
				ENABLE_STRICT_OBJC_MSGSEND = YES;
				ENABLE_TESTABILITY = YES;
				GCC_C_LANGUAGE_STANDARD = gnu11;
				GCC_DYNAMIC_NO_PIC = NO;
				GCC_NO_COMMON_BLOCKS = YES;
				GCC_OPTIMIZATION_LEVEL = 0;
				GCC_PREPROCESSOR_DEFINITIONS = (
					"DEBUG=1",
					"$(inherited)",
				);
				GCC_WARN_64_TO_32_BIT_CONVERSION = YES;
				GCC_WARN_ABOUT_RETURN_TYPE = YES_ERROR;
				GCC_WARN_UNDECLARED_SELECTOR = YES;
				GCC_WARN_UNINITIALIZED_AUTOS = YES_AGGRESSIVE;
				GCC_WARN_UNUSED_FUNCTION = YES;
				GCC_WARN_UNUSED_VARIABLE = YES;
				IPHONEOS_DEPLOYMENT_TARGET = 15.5;
				MTL_ENABLE_DEBUG_INFO = INCLUDE_SOURCE;
				MTL_FAST_MATH = YES;
				ONLY_ACTIVE_ARCH = YES;
				SDKROOT = iphoneos;
				SWIFT_ACTIVE_COMPILATION_CONDITIONS = DEBUG;
				SWIFT_OPTIMIZATION_LEVEL = "-Onone";
			};
			name = Debug;
		};
		3645EC7928F1B9EE00D51520 /* Release */ = {
			isa = XCBuildConfiguration;
			buildSettings = {
				ALWAYS_SEARCH_USER_PATHS = NO;
				CLANG_ANALYZER_NONNULL = YES;
				CLANG_ANALYZER_NUMBER_OBJECT_CONVERSION = YES_AGGRESSIVE;
				CLANG_CXX_LANGUAGE_STANDARD = "gnu++17";
				CLANG_ENABLE_MODULES = YES;
				CLANG_ENABLE_OBJC_ARC = YES;
				CLANG_ENABLE_OBJC_WEAK = YES;
				CLANG_WARN_BLOCK_CAPTURE_AUTORELEASING = YES;
				CLANG_WARN_BOOL_CONVERSION = YES;
				CLANG_WARN_COMMA = YES;
				CLANG_WARN_CONSTANT_CONVERSION = YES;
				CLANG_WARN_DEPRECATED_OBJC_IMPLEMENTATIONS = YES;
				CLANG_WARN_DIRECT_OBJC_ISA_USAGE = YES_ERROR;
				CLANG_WARN_DOCUMENTATION_COMMENTS = YES;
				CLANG_WARN_EMPTY_BODY = YES;
				CLANG_WARN_ENUM_CONVERSION = YES;
				CLANG_WARN_INFINITE_RECURSION = YES;
				CLANG_WARN_INT_CONVERSION = YES;
				CLANG_WARN_NON_LITERAL_NULL_CONVERSION = YES;
				CLANG_WARN_OBJC_IMPLICIT_RETAIN_SELF = YES;
				CLANG_WARN_OBJC_LITERAL_CONVERSION = YES;
				CLANG_WARN_OBJC_ROOT_CLASS = YES_ERROR;
				CLANG_WARN_QUOTED_INCLUDE_IN_FRAMEWORK_HEADER = YES;
				CLANG_WARN_RANGE_LOOP_ANALYSIS = YES;
				CLANG_WARN_STRICT_PROTOTYPES = YES;
				CLANG_WARN_SUSPICIOUS_MOVE = YES;
				CLANG_WARN_UNGUARDED_AVAILABILITY = YES_AGGRESSIVE;
				CLANG_WARN_UNREACHABLE_CODE = YES;
				CLANG_WARN__DUPLICATE_METHOD_MATCH = YES;
				COPY_PHASE_STRIP = NO;
				DEBUG_INFORMATION_FORMAT = "dwarf-with-dsym";
				ENABLE_NS_ASSERTIONS = NO;
				ENABLE_STRICT_OBJC_MSGSEND = YES;
				GCC_C_LANGUAGE_STANDARD = gnu11;
				GCC_NO_COMMON_BLOCKS = YES;
				GCC_WARN_64_TO_32_BIT_CONVERSION = YES;
				GCC_WARN_ABOUT_RETURN_TYPE = YES_ERROR;
				GCC_WARN_UNDECLARED_SELECTOR = YES;
				GCC_WARN_UNINITIALIZED_AUTOS = YES_AGGRESSIVE;
				GCC_WARN_UNUSED_FUNCTION = YES;
				GCC_WARN_UNUSED_VARIABLE = YES;
				IPHONEOS_DEPLOYMENT_TARGET = 15.5;
				MTL_ENABLE_DEBUG_INFO = NO;
				MTL_FAST_MATH = YES;
				SDKROOT = iphoneos;
				SWIFT_COMPILATION_MODE = wholemodule;
				SWIFT_OPTIMIZATION_LEVEL = "-O";
				VALIDATE_PRODUCT = YES;
			};
			name = Release;
		};
		3645EC7B28F1B9EE00D51520 /* Debug */ = {
			isa = XCBuildConfiguration;
			baseConfigurationReference = CE32E36FF731904FC142270A /* Pods-Pokedex.debug.xcconfig */;
			buildSettings = {
				ASSETCATALOG_COMPILER_APPICON_NAME = AppIcon;
				ASSETCATALOG_COMPILER_GLOBAL_ACCENT_COLOR_NAME = AccentColor;
				CODE_SIGN_STYLE = Automatic;
				CURRENT_PROJECT_VERSION = 1;
				DEVELOPMENT_TEAM = RWQ3HXY7KM;
				GENERATE_INFOPLIST_FILE = YES;
				INFOPLIST_FILE = Pokedex/Info.plist;
				INFOPLIST_KEY_UIApplicationSupportsIndirectInputEvents = YES;
				INFOPLIST_KEY_UILaunchStoryboardName = LaunchScreen;
				INFOPLIST_KEY_UISupportedInterfaceOrientations_iPad = "UIInterfaceOrientationPortrait UIInterfaceOrientationPortraitUpsideDown UIInterfaceOrientationLandscapeLeft UIInterfaceOrientationLandscapeRight";
				INFOPLIST_KEY_UISupportedInterfaceOrientations_iPhone = "UIInterfaceOrientationPortrait UIInterfaceOrientationLandscapeLeft UIInterfaceOrientationLandscapeRight";
				LD_RUNPATH_SEARCH_PATHS = (
					"$(inherited)",
					"@executable_path/Frameworks",
				);
				MARKETING_VERSION = 1.0;
				PRODUCT_BUNDLE_IDENTIFIER = co.com.Din.FirstLibrery.Pokedex;
				PRODUCT_NAME = "$(TARGET_NAME)";
				SWIFT_EMIT_LOC_STRINGS = YES;
				SWIFT_VERSION = 5.0;
				TARGETED_DEVICE_FAMILY = "1,2";
			};
			name = Debug;
		};
		3645EC7C28F1B9EE00D51520 /* Release */ = {
			isa = XCBuildConfiguration;
			baseConfigurationReference = 402699DA354F350FAFD4CD01 /* Pods-Pokedex.release.xcconfig */;
			buildSettings = {
				ASSETCATALOG_COMPILER_APPICON_NAME = AppIcon;
				ASSETCATALOG_COMPILER_GLOBAL_ACCENT_COLOR_NAME = AccentColor;
				CODE_SIGN_STYLE = Automatic;
				CURRENT_PROJECT_VERSION = 1;
				DEVELOPMENT_TEAM = RWQ3HXY7KM;
				GENERATE_INFOPLIST_FILE = YES;
				INFOPLIST_FILE = Pokedex/Info.plist;
				INFOPLIST_KEY_UIApplicationSupportsIndirectInputEvents = YES;
				INFOPLIST_KEY_UILaunchStoryboardName = LaunchScreen;
				INFOPLIST_KEY_UISupportedInterfaceOrientations_iPad = "UIInterfaceOrientationPortrait UIInterfaceOrientationPortraitUpsideDown UIInterfaceOrientationLandscapeLeft UIInterfaceOrientationLandscapeRight";
				INFOPLIST_KEY_UISupportedInterfaceOrientations_iPhone = "UIInterfaceOrientationPortrait UIInterfaceOrientationLandscapeLeft UIInterfaceOrientationLandscapeRight";
				LD_RUNPATH_SEARCH_PATHS = (
					"$(inherited)",
					"@executable_path/Frameworks",
				);
				MARKETING_VERSION = 1.0;
				PRODUCT_BUNDLE_IDENTIFIER = co.com.Din.FirstLibrery.Pokedex;
				PRODUCT_NAME = "$(TARGET_NAME)";
				SWIFT_EMIT_LOC_STRINGS = YES;
				SWIFT_VERSION = 5.0;
				TARGETED_DEVICE_FAMILY = "1,2";
			};
			name = Release;
		};
		3645EC7E28F1B9EE00D51520 /* Debug */ = {
			isa = XCBuildConfiguration;
			buildSettings = {
				ALWAYS_EMBED_SWIFT_STANDARD_LIBRARIES = YES;
				BUNDLE_LOADER = "$(TEST_HOST)";
				CODE_SIGN_STYLE = Automatic;
				CURRENT_PROJECT_VERSION = 1;
				DEVELOPMENT_TEAM = RWQ3HXY7KM;
				GENERATE_INFOPLIST_FILE = YES;
				IPHONEOS_DEPLOYMENT_TARGET = 15.5;
				MARKETING_VERSION = 1.0;
				PRODUCT_BUNDLE_IDENTIFIER = co.com.Din.FirstLibrery.PokedexTests;
				PRODUCT_NAME = "$(TARGET_NAME)";
				SWIFT_EMIT_LOC_STRINGS = NO;
				SWIFT_VERSION = 5.0;
				TARGETED_DEVICE_FAMILY = "1,2";
				TEST_HOST = "$(BUILT_PRODUCTS_DIR)/Pokedex.app/Pokedex";
			};
			name = Debug;
		};
		3645EC7F28F1B9EE00D51520 /* Release */ = {
			isa = XCBuildConfiguration;
			buildSettings = {
				ALWAYS_EMBED_SWIFT_STANDARD_LIBRARIES = YES;
				BUNDLE_LOADER = "$(TEST_HOST)";
				CODE_SIGN_STYLE = Automatic;
				CURRENT_PROJECT_VERSION = 1;
				DEVELOPMENT_TEAM = RWQ3HXY7KM;
				GENERATE_INFOPLIST_FILE = YES;
				IPHONEOS_DEPLOYMENT_TARGET = 15.5;
				MARKETING_VERSION = 1.0;
				PRODUCT_BUNDLE_IDENTIFIER = co.com.Din.FirstLibrery.PokedexTests;
				PRODUCT_NAME = "$(TARGET_NAME)";
				SWIFT_EMIT_LOC_STRINGS = NO;
				SWIFT_VERSION = 5.0;
				TARGETED_DEVICE_FAMILY = "1,2";
				TEST_HOST = "$(BUILT_PRODUCTS_DIR)/Pokedex.app/Pokedex";
			};
			name = Release;
		};
		3645EC8128F1B9EE00D51520 /* Debug */ = {
			isa = XCBuildConfiguration;
			buildSettings = {
				ALWAYS_EMBED_SWIFT_STANDARD_LIBRARIES = YES;
				CODE_SIGN_STYLE = Automatic;
				CURRENT_PROJECT_VERSION = 1;
				DEVELOPMENT_TEAM = RWQ3HXY7KM;
				GENERATE_INFOPLIST_FILE = YES;
				MARKETING_VERSION = 1.0;
				PRODUCT_BUNDLE_IDENTIFIER = co.com.Din.FirstLibrery.PokedexUITests;
				PRODUCT_NAME = "$(TARGET_NAME)";
				SWIFT_EMIT_LOC_STRINGS = NO;
				SWIFT_VERSION = 5.0;
				TARGETED_DEVICE_FAMILY = "1,2";
				TEST_TARGET_NAME = Pokedex;
			};
			name = Debug;
		};
		3645EC8228F1B9EE00D51520 /* Release */ = {
			isa = XCBuildConfiguration;
			buildSettings = {
				ALWAYS_EMBED_SWIFT_STANDARD_LIBRARIES = YES;
				CODE_SIGN_STYLE = Automatic;
				CURRENT_PROJECT_VERSION = 1;
				DEVELOPMENT_TEAM = RWQ3HXY7KM;
				GENERATE_INFOPLIST_FILE = YES;
				MARKETING_VERSION = 1.0;
				PRODUCT_BUNDLE_IDENTIFIER = co.com.Din.FirstLibrery.PokedexUITests;
				PRODUCT_NAME = "$(TARGET_NAME)";
				SWIFT_EMIT_LOC_STRINGS = NO;
				SWIFT_VERSION = 5.0;
				TARGETED_DEVICE_FAMILY = "1,2";
				TEST_TARGET_NAME = Pokedex;
			};
			name = Release;
		};
/* End XCBuildConfiguration section */

/* Begin XCConfigurationList section */
		3645EC4B28F1B9EC00D51520 /* Build configuration list for PBXProject "Pokedex" */ = {
			isa = XCConfigurationList;
			buildConfigurations = (
				3645EC7828F1B9EE00D51520 /* Debug */,
				3645EC7928F1B9EE00D51520 /* Release */,
			);
			defaultConfigurationIsVisible = 0;
			defaultConfigurationName = Release;
		};
		3645EC7A28F1B9EE00D51520 /* Build configuration list for PBXNativeTarget "Pokedex" */ = {
			isa = XCConfigurationList;
			buildConfigurations = (
				3645EC7B28F1B9EE00D51520 /* Debug */,
				3645EC7C28F1B9EE00D51520 /* Release */,
			);
			defaultConfigurationIsVisible = 0;
			defaultConfigurationName = Release;
		};
		3645EC7D28F1B9EE00D51520 /* Build configuration list for PBXNativeTarget "PokedexTests" */ = {
			isa = XCConfigurationList;
			buildConfigurations = (
				3645EC7E28F1B9EE00D51520 /* Debug */,
				3645EC7F28F1B9EE00D51520 /* Release */,
			);
			defaultConfigurationIsVisible = 0;
			defaultConfigurationName = Release;
		};
		3645EC8028F1B9EE00D51520 /* Build configuration list for PBXNativeTarget "PokedexUITests" */ = {
			isa = XCConfigurationList;
			buildConfigurations = (
				3645EC8128F1B9EE00D51520 /* Debug */,
				3645EC8228F1B9EE00D51520 /* Release */,
			);
			defaultConfigurationIsVisible = 0;
			defaultConfigurationName = Release;
		};
/* End XCConfigurationList section */
	};
	rootObject = 3645EC4828F1B9EC00D51520 /* Project object */;
}
